// !$*UTF8*$!
{
	archiveVersion = 1;
	classes = {
	};
	objectVersion = 50;
	objects = {

/* Begin PBXBuildFile section */
		D932F32D21143CA60053870C /* AppDelegate.m in Sources */ = {isa = PBXBuildFile; fileRef = D932F32C21143CA60053870C /* AppDelegate.m */; };
		D932F33021143CA60053870C /* ViewController.m in Sources */ = {isa = PBXBuildFile; fileRef = D932F32F21143CA60053870C /* ViewController.m */; };
		D932F33321143CA60053870C /* Main.storyboard in Resources */ = {isa = PBXBuildFile; fileRef = D932F33121143CA60053870C /* Main.storyboard */; };
		D932F33521143CA80053870C /* Assets.xcassets in Resources */ = {isa = PBXBuildFile; fileRef = D932F33421143CA80053870C /* Assets.xcassets */; };
		D932F33821143CA80053870C /* LaunchScreen.storyboard in Resources */ = {isa = PBXBuildFile; fileRef = D932F33621143CA80053870C /* LaunchScreen.storyboard */; };
		D932F33B21143CA80053870C /* main.m in Sources */ = {isa = PBXBuildFile; fileRef = D932F33A21143CA80053870C /* main.m */; };
		D932F34421143CF30053870C /* YMTextView.m in Sources */ = {isa = PBXBuildFile; fileRef = D932F34321143CF30053870C /* YMTextView.m */; };
/* End PBXBuildFile section */

/* Begin PBXFileReference section */
		D932F32821143CA60053870C /* YMTextViewExample.app */ = {isa = PBXFileReference; explicitFileType = wrapper.application; includeInIndex = 0; path = YMTextViewExample.app; sourceTree = BUILT_PRODUCTS_DIR; };
		D932F32B21143CA60053870C /* AppDelegate.h */ = {isa = PBXFileReference; lastKnownFileType = sourcecode.c.h; path = AppDelegate.h; sourceTree = "<group>"; };
		D932F32C21143CA60053870C /* AppDelegate.m */ = {isa = PBXFileReference; lastKnownFileType = sourcecode.c.objc; path = AppDelegate.m; sourceTree = "<group>"; };
		D932F32E21143CA60053870C /* ViewController.h */ = {isa = PBXFileReference; lastKnownFileType = sourcecode.c.h; path = ViewController.h; sourceTree = "<group>"; };
		D932F32F21143CA60053870C /* ViewController.m */ = {isa = PBXFileReference; lastKnownFileType = sourcecode.c.objc; path = ViewController.m; sourceTree = "<group>"; };
		D932F33221143CA60053870C /* Base */ = {isa = PBXFileReference; lastKnownFileType = file.storyboard; name = Base; path = Base.lproj/Main.storyboard; sourceTree = "<group>"; };
		D932F33421143CA80053870C /* Assets.xcassets */ = {isa = PBXFileReference; lastKnownFileType = folder.assetcatalog; path = Assets.xcassets; sourceTree = "<group>"; };
		D932F33721143CA80053870C /* Base */ = {isa = PBXFileReference; lastKnownFileType = file.storyboard; name = Base; path = Base.lproj/LaunchScreen.storyboard; sourceTree = "<group>"; };
		D932F33921143CA80053870C /* Info.plist */ = {isa = PBXFileReference; lastKnownFileType = text.plist.xml; path = Info.plist; sourceTree = "<group>"; };
		D932F33A21143CA80053870C /* main.m */ = {isa = PBXFileReference; lastKnownFileType = sourcecode.c.objc; path = main.m; sourceTree = "<group>"; };
		D932F34221143CF30053870C /* YMTextView.h */ = {isa = PBXFileReference; fileEncoding = 4; lastKnownFileType = sourcecode.c.h; path = YMTextView.h; sourceTree = "<group>"; };
		D932F34321143CF30053870C /* YMTextView.m */ = {isa = PBXFileReference; fileEncoding = 4; lastKnownFileType = sourcecode.c.objc; path = YMTextView.m; sourceTree = "<group>"; };
/* End PBXFileReference section */

/* Begin PBXFrameworksBuildPhase section */
		D932F32521143CA60053870C /* Frameworks */ = {
			isa = PBXFrameworksBuildPhase;
			buildActionMask = 2147483647;
			files = (
			);
			runOnlyForDeploymentPostprocessing = 0;
		};
/* End PBXFrameworksBuildPhase section */

/* Begin PBXGroup section */
		D932F31F21143CA60053870C = {
			isa = PBXGroup;
			children = (
				D932F32A21143CA60053870C /* YMTextViewExample */,
				D932F32921143CA60053870C /* Products */,
			);
			sourceTree = "<group>";
		};
		D932F32921143CA60053870C /* Products */ = {
			isa = PBXGroup;
			children = (
				D932F32821143CA60053870C /* YMTextViewExample.app */,
			);
			name = Products;
			sourceTree = "<group>";
		};
		D932F32A21143CA60053870C /* YMTextViewExample */ = {
			isa = PBXGroup;
			children = (
				D932F34121143CF30053870C /* YMTextView */,
				D932F32B21143CA60053870C /* AppDelegate.h */,
				D932F32C21143CA60053870C /* AppDelegate.m */,
				D932F32E21143CA60053870C /* ViewController.h */,
				D932F32F21143CA60053870C /* ViewController.m */,
				D932F33121143CA60053870C /* Main.storyboard */,
				D932F33421143CA80053870C /* Assets.xcassets */,
				D932F33621143CA80053870C /* LaunchScreen.storyboard */,
				D932F33921143CA80053870C /* Info.plist */,
				D932F33A21143CA80053870C /* main.m */,
			);
			path = YMTextViewExample;
			sourceTree = "<group>";
		};
		D932F34121143CF30053870C /* YMTextView */ = {
			isa = PBXGroup;
			children = (
				D932F34221143CF30053870C /* YMTextView.h */,
				D932F34321143CF30053870C /* YMTextView.m */,
			);
			path = YMTextView;
			sourceTree = "<group>";
		};
/* End PBXGroup section */

/* Begin PBXNativeTarget section */
		D932F32721143CA60053870C /* YMTextViewExample */ = {
			isa = PBXNativeTarget;
			buildConfigurationList = D932F33E21143CA80053870C /* Build configuration list for PBXNativeTarget "YMTextViewExample" */;
			buildPhases = (
				D932F32421143CA60053870C /* Sources */,
				D932F32521143CA60053870C /* Frameworks */,
				D932F32621143CA60053870C /* Resources */,
			);
			buildRules = (
			);
			dependencies = (
			);
			name = YMTextViewExample;
			productName = YMTextViewExample;
			productReference = D932F32821143CA60053870C /* YMTextViewExample.app */;
			productType = "com.apple.product-type.application";
		};
/* End PBXNativeTarget section */

/* Begin PBXProject section */
		D932F32021143CA60053870C /* Project object */ = {
			isa = PBXProject;
			attributes = {
				LastUpgradeCheck = 0940;
				ORGANIZATIONNAME = cym_bj;
				TargetAttributes = {
					D932F32721143CA60053870C = {
						CreatedOnToolsVersion = 9.4.1;
					};
				};
			};
			buildConfigurationList = D932F32321143CA60053870C /* Build configuration list for PBXProject "YMTextViewExample" */;
			compatibilityVersion = "Xcode 9.3";
			developmentRegion = en;
			hasScannedForEncodings = 0;
			knownRegions = (
				en,
				Base,
			);
			mainGroup = D932F31F21143CA60053870C;
			productRefGroup = D932F32921143CA60053870C /* Products */;
			projectDirPath = "";
			projectRoot = "";
			targets = (
				D932F32721143CA60053870C /* YMTextViewExample */,
			);
		};
/* End PBXProject section */

/* Begin PBXResourcesBuildPhase section */
		D932F32621143CA60053870C /* Resources */ = {
			isa = PBXResourcesBuildPhase;
			buildActionMask = 2147483647;
			files = (
				D932F33821143CA80053870C /* LaunchScreen.storyboard in Resources */,
				D932F33521143CA80053870C /* Assets.xcassets in Resources */,
				D932F33321143CA60053870C /* Main.storyboard in Resources */,
			);
			runOnlyForDeploymentPostprocessing = 0;
		};
/* End PBXResourcesBuildPhase section */

/* Begin PBXSourcesBuildPhase section */
		D932F32421143CA60053870C /* Sources */ = {
			isa = PBXSourcesBuildPhase;
			buildActionMask = 2147483647;
			files = (
				D932F33021143CA60053870C /* ViewController.m in Sources */,
				D932F34421143CF30053870C /* YMTextView.m in Sources */,
				D932F33B21143CA80053870C /* main.m in Sources */,
				D932F32D21143CA60053870C /* AppDelegate.m in Sources */,
			);
			runOnlyForDeploymentPostprocessing = 0;
		};
/* End PBXSourcesBuildPhase section */

/* Begin PBXVariantGroup section */
		D932F33121143CA60053870C /* Main.storyboard */ = {
			isa = PBXVariantGroup;
			children = (
				D932F33221143CA60053870C /* Base */,
			);
			name = Main.storyboard;
			sourceTree = "<group>";
		};
		D932F33621143CA80053870C /* LaunchScreen.storyboard */ = {
			isa = PBXVariantGroup;
			children = (
				D932F33721143CA80053870C /* Base */,
			);
			name = LaunchScreen.storyboard;
			sourceTree = "<group>";
		};
/* End PBXVariantGroup section */

/* Begin XCBuildConfiguration section */
		D932F33C21143CA80053870C /* Debug */ = {
			isa = XCBuildConfiguration;
			buildSettings = {
				ALWAYS_SEARCH_USER_PATHS = NO;
				CLANG_ANALYZER_NONNULL = YES;
				CLANG_ANALYZER_NUMBER_OBJECT_CONVERSION = YES_AGGRESSIVE;
				CLANG_CXX_LANGUAGE_STANDARD = "gnu++14";
				CLANG_CXX_LIBRARY = "libc++";
				CLANG_ENABLE_MODULES = YES;
				CLANG_ENABLE_OBJC_ARC = YES;
				CLANG_ENABLE_OBJC_WEAK = YES;
				CLANG_WARN_BLOCK_CAPTURE_AUTORELEASING = YES;
				CLANG_WARN_BOOL_CONVERSION = YES;
				CLANG_WARN_COMMA = YES;
				CLANG_WARN_CONSTANT_CONVERSION = YES;
				CLANG_WARN_DEPRECATED_OBJC_IMPLEMENTATIONS = YES;
				CLANG_WARN_DIRECT_OBJC_ISA_USAGE = YES_ERROR;
				CLANG_WARN_DOCUMENTATION_COMMENTS = YES;
				CLANG_WARN_EMPTY_BODY = YES;
				CLANG_WARN_ENUM_CONVERSION = YES;
				CLANG_WARN_INFINITE_RECURSION = YES;
				CLANG_WARN_INT_CONVERSION = YES;
				CLANG_WARN_NON_LITERAL_NULL_CONVERSION = YES;
				CLANG_WARN_OBJC_IMPLICIT_RETAIN_SELF = YES;
				CLANG_WARN_OBJC_LITERAL_CONVERSION = YES;
				CLANG_WARN_OBJC_ROOT_CLASS = YES_ERROR;
				CLANG_WARN_RANGE_LOOP_ANALYSIS = YES;
				CLANG_WARN_STRICT_PROTOTYPES = YES;
				CLANG_WARN_SUSPICIOUS_MOVE = YES;
				CLANG_WARN_UNGUARDED_AVAILABILITY = YES_AGGRESSIVE;
				CLANG_WARN_UNREACHABLE_CODE = YES;
				CLANG_WARN__DUPLICATE_METHOD_MATCH = YES;
				CODE_SIGN_IDENTITY = "iPhone Developer";
				COPY_PHASE_STRIP = NO;
				DEBUG_INFORMATION_FORMAT = dwarf;
				ENABLE_STRICT_OBJC_MSGSEND = YES;
				ENABLE_TESTABILITY = YES;
				GCC_C_LANGUAGE_STANDARD = gnu11;
				GCC_DYNAMIC_NO_PIC = NO;
				GCC_NO_COMMON_BLOCKS = YES;
				GCC_OPTIMIZATION_LEVEL = 0;
				GCC_PREPROCESSOR_DEFINITIONS = (
					"DEBUG=1",
					"$(inherited)",
				);
				GCC_WARN_64_TO_32_BIT_CONVERSION = YES;
				GCC_WARN_ABOUT_RETURN_TYPE = YES_ERROR;
				GCC_WARN_UNDECLARED_SELECTOR = YES;
				GCC_WARN_UNINITIALIZED_AUTOS = YES_AGGRESSIVE;
				GCC_WARN_UNUSED_FUNCTION = YES;
				GCC_WARN_UNUSED_VARIABLE = YES;
				IPHONEOS_DEPLOYMENT_TARGET = 11.4;
				MTL_ENABLE_DEBUG_INFO = YES;
				ONLY_ACTIVE_ARCH = YES;
				SDKROOT = iphoneos;
			};
			name = Debug;
		};
		D932F33D21143CA80053870C /* Release */ = {
			isa = XCBuildConfiguration;
			buildSettings = {
				ALWAYS_SEARCH_USER_PATHS = NO;
				CLANG_ANALYZER_NONNULL = YES;
				CLANG_ANALYZER_NUMBER_OBJECT_CONVERSION = YES_AGGRESSIVE;
				CLANG_CXX_LANGUAGE_STANDARD = "gnu++14";
				CLANG_CXX_LIBRARY = "libc++";
				CLANG_ENABLE_MODULES = YES;
				CLANG_ENABLE_OBJC_ARC = YES;
				CLANG_ENABLE_OBJC_WEAK = YES;
				CLANG_WARN_BLOCK_CAPTURE_AUTORELEASING = YES;
				CLANG_WARN_BOOL_CONVERSION = YES;
				CLANG_WARN_COMMA = YES;
				CLANG_WARN_CONSTANT_CONVERSION = YES;
				CLANG_WARN_DEPRECATED_OBJC_IMPLEMENTATIONS = YES;
				CLANG_WARN_DIRECT_OBJC_ISA_USAGE = YES_ERROR;
				CLANG_WARN_DOCUMENTATION_COMMENTS = YES;
				CLANG_WARN_EMPTY_BODY = YES;
				CLANG_WARN_ENUM_CONVERSION = YES;
				CLANG_WARN_INFINITE_RECURSION = YES;
				CLANG_WARN_INT_CONVERSION = YES;
				CLANG_WARN_NON_LITERAL_NULL_CONVERSION = YES;
				CLANG_WARN_OBJC_IMPLICIT_RETAIN_SELF = YES;
				CLANG_WARN_OBJC_LITERAL_CONVERSION = YES;
				CLANG_WARN_OBJC_ROOT_CLASS = YES_ERROR;
				CLANG_WARN_RANGE_LOOP_ANALYSIS = YES;
				CLANG_WARN_STRICT_PROTOTYPES = YES;
				CLANG_WARN_SUSPICIOUS_MOVE = YES;
				CLANG_WARN_UNGUARDED_AVAILABILITY = YES_AGGRESSIVE;
				CLANG_WARN_UNREACHABLE_CODE = YES;
				CLANG_WARN__DUPLICATE_METHOD_MATCH = YES;
				CODE_SIGN_IDENTITY = "iPhone Developer";
				COPY_PHASE_STRIP = NO;
				DEBUG_INFORMATION_FORMAT = "dwarf-with-dsym";
				ENABLE_NS_ASSERTIONS = NO;
				ENABLE_STRICT_OBJC_MSGSEND = YES;
				GCC_C_LANGUAGE_STANDARD = gnu11;
				GCC_NO_COMMON_BLOCKS = YES;
				GCC_WARN_64_TO_32_BIT_CONVERSION = YES;
				GCC_WARN_ABOUT_RETURN_TYPE = YES_ERROR;
				GCC_WARN_UNDECLARED_SELECTOR = YES;
				GCC_WARN_UNINITIALIZED_AUTOS = YES_AGGRESSIVE;
				GCC_WARN_UNUSED_FUNCTION = YES;
				GCC_WARN_UNUSED_VARIABLE = YES;
				IPHONEOS_DEPLOYMENT_TARGET = 11.4;
				MTL_ENABLE_DEBUG_INFO = NO;
				SDKROOT = iphoneos;
				VALIDATE_PRODUCT = YES;
			};
			name = Release;
		};
		D932F33F21143CA80053870C /* Debug */ = {
			isa = XCBuildConfiguration;
			buildSettings = {
				ASSETCATALOG_COMPILER_APPICON_NAME = AppIcon;
				CODE_SIGN_STYLE = Automatic;
				DEVELOPMENT_TEAM = 8Q7MW5YSFF;
				INFOPLIST_FILE = YMTextViewExample/Info.plist;
				LD_RUNPATH_SEARCH_PATHS = (
					"$(inherited)",
					"@executable_path/Frameworks",
				);
				PRODUCT_BUNDLE_IDENTIFIER = "-111.YMTextViewExample";
				PRODUCT_NAME = "$(TARGET_NAME)";
				TARGETED_DEVICE_FAMILY = "1,2";
			};
			name = Debug;
		};
		D932F34021143CA80053870C /* Release */ = {
			isa = XCBuildConfiguration;
			buildSettings = {
				ASSETCATALOG_COMPILER_APPICON_NAME = AppIcon;
				CODE_SIGN_STYLE = Automatic;
				DEVELOPMENT_TEAM = 8Q7MW5YSFF;
				INFOPLIST_FILE = YMTextViewExample/Info.plist;
				LD_RUNPATH_SEARCH_PATHS = (
					"$(inherited)",
					"@executable_path/Frameworks",
				);
				PRODUCT_BUNDLE_IDENTIFIER = "-111.YMTextViewExample";
				PRODUCT_NAME = "$(TARGET_NAME)";
				TARGETED_DEVICE_FAMILY = "1,2";
			};
			name = Release;
		};
/* End XCBuildConfiguration section */

/* Begin XCConfigurationList section */
		D932F32321143CA60053870C /* Build configuration list for PBXProject "YMTextViewExample" */ = {
			isa = XCConfigurationList;
			buildConfigurations = (
				D932F33C21143CA80053870C /* Debug */,
				D932F33D21143CA80053870C /* Release */,
			);
			defaultConfigurationIsVisible = 0;
			defaultConfigurationName = Release;
		};
		D932F33E21143CA80053870C /* Build configuration list for PBXNativeTarget "YMTextViewExample" */ = {
			isa = XCConfigurationList;
			buildConfigurations = (
				D932F33F21143CA80053870C /* Debug */,
				D932F34021143CA80053870C /* Release */,
			);
			defaultConfigurationIsVisible = 0;
			defaultConfigurationName = Release;
		};
/* End XCConfigurationList section */
	};
	rootObject = D932F32021143CA60053870C /* Project object */;
}
